
Microsoft Visual Studio Solution File, Format Version 12.00
# Visual Studio Version 17
VisualStudioVersion = 17.8.34330.188
MinimumVisualStudioVersion = 10.0.40219.1
Project("{FAE04EC0-301F-11D3-BF4B-00C04F79EFBC}") = "SilenceBATProcessor", "SilenceBATProcessor.csproj", "{F045E497-0A66-46CE-B800-2E0702DBFD2D}"
EndProject
Global
	GlobalSection(SolutionConfigurationPlatforms) = preSolution
		Debug|Any CPU = Debug|Any CPU
		Release|Any CPU = Release|Any CPU
	EndGlobalSection
	GlobalSection(ProjectConfigurationPlatforms) = postSolution
		{F045E497-0A66-46CE-B800-2E0702DBFD2D}.Debug|Any CPU.ActiveCfg = Debug|Any CPU
		{F045E497-0A66-46CE-B800-2E0702DBFD2D}.Debug|Any CPU.Build.0 = Debug|Any CPU
		{F045E497-0A66-46CE-B800-2E0702DBFD2D}.Release|Any CPU.ActiveCfg = Release|Any CPU
		{F045E497-0A66-46CE-B800-2E0702DBFD2D}.Release|Any CPU.Build.0 = Release|Any CPU
	EndGlobalSection
	GlobalSection(SolutionProperties) = preSolution
		HideSolutionNode = FALSE
	EndGlobalSection
	GlobalSection(ExtensibilityGlobals) = postSolution
		SolutionGuid = {FC668977-1F73-40EF-BD14-63C37EDB5C72}
	EndGlobalSection
EndGlobal
